// !$*UTF8*$!
{
	archiveVersion = 1;
	classes = {
	};
	objectVersion = 46;
	objects = {

/* Begin PBXBuildFile section */
		1C1BE0951DBFAD5200675A95 /* AppDelegate.swift in Sources */ = {isa = PBXBuildFile; fileRef = 1C1BE0941DBFAD5200675A95 /* AppDelegate.swift */; };
		1C1BE09A1DBFAD5200675A95 /* Main.storyboard in Resources */ = {isa = PBXBuildFile; fileRef = 1C1BE0981DBFAD5200675A95 /* Main.storyboard */; };
		1C1BE09C1DBFAD5200675A95 /* Assets.xcassets in Resources */ = {isa = PBXBuildFile; fileRef = 1C1BE09B1DBFAD5200675A95 /* Assets.xcassets */; };
		1C1BE09F1DBFAD5200675A95 /* LaunchScreen.storyboard in Resources */ = {isa = PBXBuildFile; fileRef = 1C1BE09D1DBFAD5200675A95 /* LaunchScreen.storyboard */; };
		1C1BE0AB1DBFAE8A00675A95 /* Card.swift in Sources */ = {isa = PBXBuildFile; fileRef = 1C1BE0AA1DBFAE8A00675A95 /* Card.swift */; };
		1C1BE0AD1DBFAEA200675A95 /* PlayingCard.swift in Sources */ = {isa = PBXBuildFile; fileRef = 1C1BE0AC1DBFAEA200675A95 /* PlayingCard.swift */; };
		1CA9FE1C1DC788CA002B9272 /* Deck.swift in Sources */ = {isa = PBXBuildFile; fileRef = 1CA9FE1B1DC788CA002B9272 /* Deck.swift */; };
		1CA9FE1E1DC789BF002B9272 /* PlayingCardDeck.swift in Sources */ = {isa = PBXBuildFile; fileRef = 1CA9FE1D1DC789BF002B9272 /* PlayingCardDeck.swift */; };
		1CF138001DE35C45009B6FF3 /* CardView.swift in Sources */ = {isa = PBXBuildFile; fileRef = 1CF137FF1DE35C45009B6FF3 /* CardView.swift */; };
		1CF4CBA01DD61E020098DD0A /* StupidGame.swift in Sources */ = {isa = PBXBuildFile; fileRef = 1CF4CB9F1DD61E020098DD0A /* StupidGame.swift */; };
		1CF9616D1DC2515D003B8D59 /* CardGameController.swift in Sources */ = {isa = PBXBuildFile; fileRef = 1CF9616C1DC2515D003B8D59 /* CardGameController.swift */; };
/* End PBXBuildFile section */

/* Begin PBXFileReference section */
		1C1BE0911DBFAD5200675A95 /* CardGameAM.app */ = {isa = PBXFileReference; explicitFileType = wrapper.application; includeInIndex = 0; path = CardGameAM.app; sourceTree = BUILT_PRODUCTS_DIR; };
		1C1BE0941DBFAD5200675A95 /* AppDelegate.swift */ = {isa = PBXFileReference; lastKnownFileType = sourcecode.swift; path = AppDelegate.swift; sourceTree = "<group>"; };
		1C1BE0991DBFAD5200675A95 /* Base */ = {isa = PBXFileReference; lastKnownFileType = file.storyboard; name = Base; path = Base.lproj/Main.storyboard; sourceTree = "<group>"; };
		1C1BE09B1DBFAD5200675A95 /* Assets.xcassets */ = {isa = PBXFileReference; lastKnownFileType = folder.assetcatalog; path = Assets.xcassets; sourceTree = "<group>"; };
		1C1BE09E1DBFAD5200675A95 /* Base */ = {isa = PBXFileReference; lastKnownFileType = file.storyboard; name = Base; path = Base.lproj/LaunchScreen.storyboard; sourceTree = "<group>"; };
		1C1BE0A01DBFAD5200675A95 /* Info.plist */ = {isa = PBXFileReference; lastKnownFileType = text.plist.xml; path = Info.plist; sourceTree = "<group>"; };
		1C1BE0AA1DBFAE8A00675A95 /* Card.swift */ = {isa = PBXFileReference; fileEncoding = 4; lastKnownFileType = sourcecode.swift; name = Card.swift; path = Model/Card.swift; sourceTree = "<group>"; tabWidth = 4; };
		1C1BE0AC1DBFAEA200675A95 /* PlayingCard.swift */ = {isa = PBXFileReference; fileEncoding = 4; lastKnownFileType = sourcecode.swift; name = PlayingCard.swift; path = Model/PlayingCard.swift; sourceTree = "<group>"; };
		1CA9FE1B1DC788CA002B9272 /* Deck.swift */ = {isa = PBXFileReference; fileEncoding = 4; lastKnownFileType = sourcecode.swift; path = Deck.swift; sourceTree = "<group>"; };
		1CA9FE1D1DC789BF002B9272 /* PlayingCardDeck.swift */ = {isa = PBXFileReference; fileEncoding = 4; lastKnownFileType = sourcecode.swift; path = PlayingCardDeck.swift; sourceTree = "<group>"; };
		1CF137FF1DE35C45009B6FF3 /* CardView.swift */ = {isa = PBXFileReference; fileEncoding = 4; lastKnownFileType = sourcecode.swift; name = CardView.swift; path = View/CardView.swift; sourceTree = "<group>"; };
		1CF4CB9F1DD61E020098DD0A /* StupidGame.swift */ = {isa = PBXFileReference; fileEncoding = 4; lastKnownFileType = sourcecode.swift; name = StupidGame.swift; path = Model/StupidGame.swift; sourceTree = "<group>"; };
		1CF9616C1DC2515D003B8D59 /* CardGameController.swift */ = {isa = PBXFileReference; fileEncoding = 4; lastKnownFileType = sourcecode.swift; name = CardGameController.swift; path = Controller/CardGameController.swift; sourceTree = "<group>"; };
/* End PBXFileReference section */

/* Begin PBXFrameworksBuildPhase section */
		1C1BE08E1DBFAD5200675A95 /* Frameworks */ = {
			isa = PBXFrameworksBuildPhase;
			buildActionMask = 2147483647;
			files = (
			);
			runOnlyForDeploymentPostprocessing = 0;
		};
/* End PBXFrameworksBuildPhase section */

/* Begin PBXGroup section */
		1C1BE0881DBFAD5200675A95 = {
			isa = PBXGroup;
			children = (
				1C1BE0931DBFAD5200675A95 /* CardGameAM */,
				1C1BE0921DBFAD5200675A95 /* Products */,
			);
			sourceTree = "<group>";
		};
		1C1BE0921DBFAD5200675A95 /* Products */ = {
			isa = PBXGroup;
			children = (
				1C1BE0911DBFAD5200675A95 /* CardGameAM.app */,
			);
			name = Products;
			sourceTree = "<group>";
		};
		1C1BE0931DBFAD5200675A95 /* CardGameAM */ = {
			isa = PBXGroup;
			children = (
				1C1BE0941DBFAD5200675A95 /* AppDelegate.swift */,
				1CF961701DC25217003B8D59 /* View */,
				1C1BE0A01DBFAD5200675A95 /* Info.plist */,
				1C1BE0AE1DBFAED900675A95 /* Model */,
				1CF9616F1DC251CA003B8D59 /* Controller */,
			);
			path = CardGameAM;
			sourceTree = "<group>";
		};
		1C1BE0AE1DBFAED900675A95 /* Model */ = {
			isa = PBXGroup;
			children = (
				1C1BE0AA1DBFAE8A00675A95 /* Card.swift */,
				1C1BE0AC1DBFAEA200675A95 /* PlayingCard.swift */,
				1CA9FE1B1DC788CA002B9272 /* Deck.swift */,
				1CA9FE1D1DC789BF002B9272 /* PlayingCardDeck.swift */,
				1CF4CB9F1DD61E020098DD0A /* StupidGame.swift */,
			);
			name = Model;
			sourceTree = "<group>";
		};
		1CF9616F1DC251CA003B8D59 /* Controller */ = {
			isa = PBXGroup;
			children = (
				1CF9616C1DC2515D003B8D59 /* CardGameController.swift */,
			);
			name = Controller;
			sourceTree = "<group>";
		};
		1CF961701DC25217003B8D59 /* View */ = {
			isa = PBXGroup;
			children = (
				1C1BE0981DBFAD5200675A95 /* Main.storyboard */,
				1C1BE09B1DBFAD5200675A95 /* Assets.xcassets */,
				1C1BE09D1DBFAD5200675A95 /* LaunchScreen.storyboard */,
				1CF137FF1DE35C45009B6FF3 /* CardView.swift */,
			);
			name = View;
			sourceTree = "<group>";
		};
/* End PBXGroup section */

/* Begin PBXNativeTarget section */
		1C1BE0901DBFAD5200675A95 /* CardGameAM */ = {
			isa = PBXNativeTarget;
			buildConfigurationList = 1C1BE0A31DBFAD5200675A95 /* Build configuration list for PBXNativeTarget "CardGameAM" */;
			buildPhases = (
				1C1BE08D1DBFAD5200675A95 /* Sources */,
				1C1BE08E1DBFAD5200675A95 /* Frameworks */,
				1C1BE08F1DBFAD5200675A95 /* Resources */,
			);
			buildRules = (
			);
			dependencies = (
			);
			name = CardGameAM;
			productName = CardGameAM;
			productReference = 1C1BE0911DBFAD5200675A95 /* CardGameAM.app */;
			productType = "com.apple.product-type.application";
		};
/* End PBXNativeTarget section */

/* Begin PBXProject section */
		1C1BE0891DBFAD5200675A95 /* Project object */ = {
			isa = PBXProject;
			attributes = {
				LastSwiftUpdateCheck = 0720;
				LastUpgradeCheck = 0720;
				ORGANIZATIONNAME = "Osborne, Jacob";
				TargetAttributes = {
					1C1BE0901DBFAD5200675A95 = {
						CreatedOnToolsVersion = 7.2;
						LastSwiftMigration = 0810;
					};
				};
			};
			buildConfigurationList = 1C1BE08C1DBFAD5200675A95 /* Build configuration list for PBXProject "CardGameAM" */;
			compatibilityVersion = "Xcode 3.2";
			developmentRegion = English;
			hasScannedForEncodings = 0;
			knownRegions = (
				en,
				Base,
			);
			mainGroup = 1C1BE0881DBFAD5200675A95;
			productRefGroup = 1C1BE0921DBFAD5200675A95 /* Products */;
			projectDirPath = "";
			projectRoot = "";
			targets = (
				1C1BE0901DBFAD5200675A95 /* CardGameAM */,
			);
		};
/* End PBXProject section */

/* Begin PBXResourcesBuildPhase section */
		1C1BE08F1DBFAD5200675A95 /* Resources */ = {
			isa = PBXResourcesBuildPhase;
			buildActionMask = 2147483647;
			files = (
				1C1BE09F1DBFAD5200675A95 /* LaunchScreen.storyboard in Resources */,
				1C1BE09C1DBFAD5200675A95 /* Assets.xcassets in Resources */,
				1C1BE09A1DBFAD5200675A95 /* Main.storyboard in Resources */,
			);
			runOnlyForDeploymentPostprocessing = 0;
		};
/* End PBXResourcesBuildPhase section */

/* Begin PBXSourcesBuildPhase section */
		1C1BE08D1DBFAD5200675A95 /* Sources */ = {
			isa = PBXSourcesBuildPhase;
			buildActionMask = 2147483647;
			files = (
				1CF9616D1DC2515D003B8D59 /* CardGameController.swift in Sources */,
				1C1BE0AB1DBFAE8A00675A95 /* Card.swift in Sources */,
				1CA9FE1C1DC788CA002B9272 /* Deck.swift in Sources */,
				1CA9FE1E1DC789BF002B9272 /* PlayingCardDeck.swift in Sources */,
				1CF4CBA01DD61E020098DD0A /* StupidGame.swift in Sources */,
				1C1BE0AD1DBFAEA200675A95 /* PlayingCard.swift in Sources */,
				1CF138001DE35C45009B6FF3 /* CardView.swift in Sources */,
				1C1BE0951DBFAD5200675A95 /* AppDelegate.swift in Sources */,
			);
			runOnlyForDeploymentPostprocessing = 0;
		};
/* End PBXSourcesBuildPhase section */

/* Begin PBXVariantGroup section */
		1C1BE0981DBFAD5200675A95 /* Main.storyboard */ = {
			isa = PBXVariantGroup;
			children = (
				1C1BE0991DBFAD5200675A95 /* Base */,
			);
			name = Main.storyboard;
			sourceTree = "<group>";
		};
		1C1BE09D1DBFAD5200675A95 /* LaunchScreen.storyboard */ = {
			isa = PBXVariantGroup;
			children = (
				1C1BE09E1DBFAD5200675A95 /* Base */,
			);
			name = LaunchScreen.storyboard;
			sourceTree = "<group>";
		};
/* End PBXVariantGroup section */

/* Begin XCBuildConfiguration section */
		1C1BE0A11DBFAD5200675A95 /* Debug */ = {
			isa = XCBuildConfiguration;
			buildSettings = {
				ALWAYS_SEARCH_USER_PATHS = NO;
				CLANG_CXX_LANGUAGE_STANDARD = "gnu++0x";
				CLANG_CXX_LIBRARY = "libc++";
				CLANG_ENABLE_MODULES = YES;
				CLANG_ENABLE_OBJC_ARC = YES;
				CLANG_WARN_BOOL_CONVERSION = YES;
				CLANG_WARN_CONSTANT_CONVERSION = YES;
				CLANG_WARN_DIRECT_OBJC_ISA_USAGE = YES_ERROR;
				CLANG_WARN_EMPTY_BODY = YES;
				CLANG_WARN_ENUM_CONVERSION = YES;
				CLANG_WARN_INT_CONVERSION = YES;
				CLANG_WARN_OBJC_ROOT_CLASS = YES_ERROR;
				CLANG_WARN_UNREACHABLE_CODE = YES;
				CLANG_WARN__DUPLICATE_METHOD_MATCH = YES;
				"CODE_SIGN_IDENTITY[sdk=iphoneos*]" = "iPhone Developer";
				COPY_PHASE_STRIP = NO;
				DEBUG_INFORMATION_FORMAT = dwarf;
				ENABLE_STRICT_OBJC_MSGSEND = YES;
				ENABLE_TESTABILITY = YES;
				GCC_C_LANGUAGE_STANDARD = gnu99;
				GCC_DYNAMIC_NO_PIC = NO;
				GCC_NO_COMMON_BLOCKS = YES;
				GCC_OPTIMIZATION_LEVEL = 0;
				GCC_PREPROCESSOR_DEFINITIONS = (
					"DEBUG=1",
					"$(inherited)",
				);
				GCC_WARN_64_TO_32_BIT_CONVERSION = YES;
				GCC_WARN_ABOUT_RETURN_TYPE = YES_ERROR;
				GCC_WARN_UNDECLARED_SELECTOR = YES;
				GCC_WARN_UNINITIALIZED_AUTOS = YES_AGGRESSIVE;
				GCC_WARN_UNUSED_FUNCTION = YES;
				GCC_WARN_UNUSED_VARIABLE = YES;
				IPHONEOS_DEPLOYMENT_TARGET = 9.2;
				MTL_ENABLE_DEBUG_INFO = YES;
				ONLY_ACTIVE_ARCH = YES;
				SDKROOT = iphoneos;
				SWIFT_OPTIMIZATION_LEVEL = "-Onone";
				TARGETED_DEVICE_FAMILY = "1,2";
			};
			name = Debug;
		};
		1C1BE0A21DBFAD5200675A95 /* Release */ = {
			isa = XCBuildConfiguration;
			buildSettings = {
				ALWAYS_SEARCH_USER_PATHS = NO;
				CLANG_CXX_LANGUAGE_STANDARD = "gnu++0x";
				CLANG_CXX_LIBRARY = "libc++";
				CLANG_ENABLE_MODULES = YES;
				CLANG_ENABLE_OBJC_ARC = YES;
				CLANG_WARN_BOOL_CONVERSION = YES;
				CLANG_WARN_CONSTANT_CONVERSION = YES;
				CLANG_WARN_DIRECT_OBJC_ISA_USAGE = YES_ERROR;
				CLANG_WARN_EMPTY_BODY = YES;
				CLANG_WARN_ENUM_CONVERSION = YES;
				CLANG_WARN_INT_CONVERSION = YES;
				CLANG_WARN_OBJC_ROOT_CLASS = YES_ERROR;
				CLANG_WARN_UNREACHABLE_CODE = YES;
				CLANG_WARN__DUPLICATE_METHOD_MATCH = YES;
				"CODE_SIGN_IDENTITY[sdk=iphoneos*]" = "iPhone Developer";
				COPY_PHASE_STRIP = NO;
				DEBUG_INFORMATION_FORMAT = "dwarf-with-dsym";
				ENABLE_NS_ASSERTIONS = NO;
				ENABLE_STRICT_OBJC_MSGSEND = YES;
				GCC_C_LANGUAGE_STANDARD = gnu99;
				GCC_NO_COMMON_BLOCKS = YES;
				GCC_WARN_64_TO_32_BIT_CONVERSION = YES;
				GCC_WARN_ABOUT_RETURN_TYPE = YES_ERROR;
				GCC_WARN_UNDECLARED_SELECTOR = YES;
				GCC_WARN_UNINITIALIZED_AUTOS = YES_AGGRESSIVE;
				GCC_WARN_UNUSED_FUNCTION = YES;
				GCC_WARN_UNUSED_VARIABLE = YES;
				IPHONEOS_DEPLOYMENT_TARGET = 9.2;
				MTL_ENABLE_DEBUG_INFO = NO;
				SDKROOT = iphoneos;
				TARGETED_DEVICE_FAMILY = "1,2";
				VALIDATE_PRODUCT = YES;
			};
			name = Release;
		};
		1C1BE0A41DBFAD5200675A95 /* Debug */ = {
			isa = XCBuildConfiguration;
			buildSettings = {
				ASSETCATALOG_COMPILER_APPICON_NAME = AppIcon;
				INFOPLIST_FILE = CardGameAM/Info.plist;
				LD_RUNPATH_SEARCH_PATHS = "$(inherited) @executable_path/Frameworks";
				PRODUCT_BUNDLE_IDENTIFIER = CTEC.CardGameAM;
				PRODUCT_NAME = "$(TARGET_NAME)";
				SWIFT_VERSION = 3.0;
			};
			name = Debug;
		};
		1C1BE0A51DBFAD5200675A95 /* Release */ = {
			isa = XCBuildConfiguration;
			buildSettings = {
				ASSETCATALOG_COMPILER_APPICON_NAME = AppIcon;
				INFOPLIST_FILE = CardGameAM/Info.plist;
				LD_RUNPATH_SEARCH_PATHS = "$(inherited) @executable_path/Frameworks";
				PRODUCT_BUNDLE_IDENTIFIER = CTEC.CardGameAM;
				PRODUCT_NAME = "$(TARGET_NAME)";
				SWIFT_VERSION = 3.0;
			};
			name = Release;
		};
/* End XCBuildConfiguration section */

/* Begin XCConfigurationList section */
		1C1BE08C1DBFAD5200675A95 /* Build configuration list for PBXProject "CardGameAM" */ = {
			isa = XCConfigurationList;
			buildConfigurations = (
				1C1BE0A11DBFAD5200675A95 /* Debug */,
				1C1BE0A21DBFAD5200675A95 /* Release */,
			);
			defaultConfigurationIsVisible = 0;
			defaultConfigurationName = Release;
		};
		1C1BE0A31DBFAD5200675A95 /* Build configuration list for PBXNativeTarget "CardGameAM" */ = {
			isa = XCConfigurationList;
			buildConfigurations = (
				1C1BE0A41DBFAD5200675A95 /* Debug */,
				1C1BE0A51DBFAD5200675A95 /* Release */,
			);
			defaultConfigurationIsVisible = 0;
			defaultConfigurationName = Release;
		};
/* End XCConfigurationList section */
	};
	rootObject = 1C1BE0891DBFAD5200675A95 /* Project object */;
}
